// !$*UTF8*$!
{
	archiveVersion = 1;
	classes = {
	};
	objectVersion = 51;
	objects = {

/* Begin PBXBuildFile section */
		9E4B16879BA027FD096325C4 /* Pods_TestApp1.framework in Frameworks */ = {isa = PBXBuildFile; fileRef = 7B336C16F0F0385475AC1253 /* Pods_TestApp1.framework */; };
		AB070F112353DE9600ED57E2 /* Main.storyboard in Resources */ = {isa = PBXBuildFile; fileRef = AB070F102353DE9600ED57E2 /* Main.storyboard */; };
		AB0FAC85235FE8D900443257 /* Image+Gif.swift in Sources */ = {isa = PBXBuildFile; fileRef = AB0FAC84235FE8D900443257 /* Image+Gif.swift */; };
		AB0FAC8B235FEA0C00443257 /* MainViewController.swift in Sources */ = {isa = PBXBuildFile; fileRef = AB0FAC8A235FEA0C00443257 /* MainViewController.swift */; };
		AB0FAC8D235FEB5A00443257 /* Earth.gif in Resources */ = {isa = PBXBuildFile; fileRef = AB0FAC8C235FEB5A00443257 /* Earth.gif */; };
		AB230B792313463D0042AB94 /* AppDelegate.swift in Sources */ = {isa = PBXBuildFile; fileRef = AB230B782313463D0042AB94 /* AppDelegate.swift */; };
		AB230B7B2313463D0042AB94 /* ViewController.swift in Sources */ = {isa = PBXBuildFile; fileRef = AB230B7A2313463D0042AB94 /* ViewController.swift */; };
		AB230B802313463F0042AB94 /* Assets.xcassets in Resources */ = {isa = PBXBuildFile; fileRef = AB230B7F2313463F0042AB94 /* Assets.xcassets */; };
		AB230B832313463F0042AB94 /* LaunchScreen.storyboard in Resources */ = {isa = PBXBuildFile; fileRef = AB230B812313463F0042AB94 /* LaunchScreen.storyboard */; };
		AB230B8C2313499F0042AB94 /* LoginViewController.swift in Sources */ = {isa = PBXBuildFile; fileRef = AB230B8B2313499F0042AB94 /* LoginViewController.swift */; };
		AB230B8E231349AD0042AB94 /* SignUpViewController.swift in Sources */ = {isa = PBXBuildFile; fileRef = AB230B8D231349AD0042AB94 /* SignUpViewController.swift */; };
		AB230B90231349B60042AB94 /* HomeViewController.swift in Sources */ = {isa = PBXBuildFile; fileRef = AB230B8F231349B60042AB94 /* HomeViewController.swift */; };
		AB230B9223134C980042AB94 /* Utilities.swift in Sources */ = {isa = PBXBuildFile; fileRef = AB230B9123134C980042AB94 /* Utilities.swift */; };
		AB90085C2364CDCD005DAB25 /* WasteViewController.swift in Sources */ = {isa = PBXBuildFile; fileRef = AB90085B2364CDCD005DAB25 /* WasteViewController.swift */; };
		AB90085E2364CDE0005DAB25 /* TransportationViewController.swift in Sources */ = {isa = PBXBuildFile; fileRef = AB90085D2364CDE0005DAB25 /* TransportationViewController.swift */; };
		ABA12DCA23136D3D001CC67C /* GoogleService-Info.plist in Resources */ = {isa = PBXBuildFile; fileRef = ABA12DC923136D3D001CC67C /* GoogleService-Info.plist */; };
		ABA12DCE2314EDF3001CC67C /* Constants.swift in Sources */ = {isa = PBXBuildFile; fileRef = ABA12DCD2314EDF3001CC67C /* Constants.swift */; };
		ABA12DD2231C77CB001CC67C /* InitialViewController.swift in Sources */ = {isa = PBXBuildFile; fileRef = ABA12DD1231C77CB001CC67C /* InitialViewController.swift */; };
		ABA12DD4231C77DA001CC67C /* GeneralViewController.swift in Sources */ = {isa = PBXBuildFile; fileRef = ABA12DD3231C77DA001CC67C /* GeneralViewController.swift */; };
		ABA12DD6231C77EC001CC67C /* RecycleViewController.swift in Sources */ = {isa = PBXBuildFile; fileRef = ABA12DD5231C77EC001CC67C /* RecycleViewController.swift */; };
		ABA12DD8231C77F9001CC67C /* CompostViewController.swift in Sources */ = {isa = PBXBuildFile; fileRef = ABA12DD7231C77F9001CC67C /* CompostViewController.swift */; };
		ABA12DDA231C7805001CC67C /* LandfillViewController.swift in Sources */ = {isa = PBXBuildFile; fileRef = ABA12DD9231C7805001CC67C /* LandfillViewController.swift */; };
		ABD7B0AE236AA47E0089EB98 /* IdlingViewController.swift in Sources */ = {isa = PBXBuildFile; fileRef = ABD7B0AD236AA47E0089EB98 /* IdlingViewController.swift */; };
		ABD7B0B2236AA4B80089EB98 /* CleaningProductsViewController.swift in Sources */ = {isa = PBXBuildFile; fileRef = ABD7B0B1236AA4B80089EB98 /* CleaningProductsViewController.swift */; };
		ABD7B0B4236AA4CE0089EB98 /* TreesViewController.swift in Sources */ = {isa = PBXBuildFile; fileRef = ABD7B0B3236AA4CE0089EB98 /* TreesViewController.swift */; };
		ABD7B0B7236AA55D0089EB98 /* CarpoolViewController.swift in Sources */ = {isa = PBXBuildFile; fileRef = ABD7B0B6236AA55D0089EB98 /* CarpoolViewController.swift */; };
/* End PBXBuildFile section */

/* Begin PBXFileReference section */
		2B5712033431EC9715686593 /* Pods-TestApp1.debug.xcconfig */ = {isa = PBXFileReference; includeInIndex = 1; lastKnownFileType = text.xcconfig; name = "Pods-TestApp1.debug.xcconfig"; path = "Target Support Files/Pods-TestApp1/Pods-TestApp1.debug.xcconfig"; sourceTree = "<group>"; };
		7B336C16F0F0385475AC1253 /* Pods_TestApp1.framework */ = {isa = PBXFileReference; explicitFileType = wrapper.framework; includeInIndex = 0; path = Pods_TestApp1.framework; sourceTree = BUILT_PRODUCTS_DIR; };
		AB070F102353DE9600ED57E2 /* Main.storyboard */ = {isa = PBXFileReference; fileEncoding = 4; lastKnownFileType = file.storyboard; path = Main.storyboard; sourceTree = "<group>"; };
		AB0FAC84235FE8D900443257 /* Image+Gif.swift */ = {isa = PBXFileReference; lastKnownFileType = sourcecode.swift; path = "Image+Gif.swift"; sourceTree = "<group>"; };
		AB0FAC8A235FEA0C00443257 /* MainViewController.swift */ = {isa = PBXFileReference; lastKnownFileType = sourcecode.swift; path = MainViewController.swift; sourceTree = "<group>"; };
		AB0FAC8C235FEB5A00443257 /* Earth.gif */ = {isa = PBXFileReference; lastKnownFileType = image.gif; path = Earth.gif; sourceTree = "<group>"; };
		AB230B752313463D0042AB94 /* We Will.app */ = {isa = PBXFileReference; explicitFileType = wrapper.application; includeInIndex = 0; path = "We Will.app"; sourceTree = BUILT_PRODUCTS_DIR; };
		AB230B782313463D0042AB94 /* AppDelegate.swift */ = {isa = PBXFileReference; lastKnownFileType = sourcecode.swift; path = AppDelegate.swift; sourceTree = "<group>"; };
		AB230B7A2313463D0042AB94 /* ViewController.swift */ = {isa = PBXFileReference; lastKnownFileType = sourcecode.swift; path = ViewController.swift; sourceTree = "<group>"; };
		AB230B7F2313463F0042AB94 /* Assets.xcassets */ = {isa = PBXFileReference; lastKnownFileType = folder.assetcatalog; path = Assets.xcassets; sourceTree = "<group>"; };
		AB230B822313463F0042AB94 /* Base */ = {isa = PBXFileReference; lastKnownFileType = file.storyboard; name = Base; path = Base.lproj/LaunchScreen.storyboard; sourceTree = "<group>"; };
		AB230B842313463F0042AB94 /* Info.plist */ = {isa = PBXFileReference; lastKnownFileType = text.plist.xml; path = Info.plist; sourceTree = "<group>"; };
		AB230B8B2313499F0042AB94 /* LoginViewController.swift */ = {isa = PBXFileReference; lastKnownFileType = sourcecode.swift; path = LoginViewController.swift; sourceTree = "<group>"; };
		AB230B8D231349AD0042AB94 /* SignUpViewController.swift */ = {isa = PBXFileReference; lastKnownFileType = sourcecode.swift; path = SignUpViewController.swift; sourceTree = "<group>"; };
		AB230B8F231349B60042AB94 /* HomeViewController.swift */ = {isa = PBXFileReference; lastKnownFileType = sourcecode.swift; path = HomeViewController.swift; sourceTree = "<group>"; };
		AB230B9123134C980042AB94 /* Utilities.swift */ = {isa = PBXFileReference; lastKnownFileType = sourcecode.swift; path = Utilities.swift; sourceTree = "<group>"; };
		AB90085B2364CDCD005DAB25 /* WasteViewController.swift */ = {isa = PBXFileReference; lastKnownFileType = sourcecode.swift; path = WasteViewController.swift; sourceTree = "<group>"; };
		AB90085D2364CDE0005DAB25 /* TransportationViewController.swift */ = {isa = PBXFileReference; lastKnownFileType = sourcecode.swift; path = TransportationViewController.swift; sourceTree = "<group>"; };
		ABA12DC923136D3D001CC67C /* GoogleService-Info.plist */ = {isa = PBXFileReference; fileEncoding = 4; lastKnownFileType = text.plist.xml; path = "GoogleService-Info.plist"; sourceTree = "<group>"; };
		ABA12DCD2314EDF3001CC67C /* Constants.swift */ = {isa = PBXFileReference; fileEncoding = 4; lastKnownFileType = sourcecode.swift; path = Constants.swift; sourceTree = "<group>"; };
		ABA12DD1231C77CB001CC67C /* InitialViewController.swift */ = {isa = PBXFileReference; lastKnownFileType = sourcecode.swift; path = InitialViewController.swift; sourceTree = "<group>"; };
		ABA12DD3231C77DA001CC67C /* GeneralViewController.swift */ = {isa = PBXFileReference; lastKnownFileType = sourcecode.swift; path = GeneralViewController.swift; sourceTree = "<group>"; };
		ABA12DD5231C77EC001CC67C /* RecycleViewController.swift */ = {isa = PBXFileReference; lastKnownFileType = sourcecode.swift; path = RecycleViewController.swift; sourceTree = "<group>"; };
		ABA12DD7231C77F9001CC67C /* CompostViewController.swift */ = {isa = PBXFileReference; lastKnownFileType = sourcecode.swift; path = CompostViewController.swift; sourceTree = "<group>"; };
		ABA12DD9231C7805001CC67C /* LandfillViewController.swift */ = {isa = PBXFileReference; lastKnownFileType = sourcecode.swift; path = LandfillViewController.swift; sourceTree = "<group>"; };
		ABD7B0AD236AA47E0089EB98 /* IdlingViewController.swift */ = {isa = PBXFileReference; lastKnownFileType = sourcecode.swift; path = IdlingViewController.swift; sourceTree = "<group>"; };
		ABD7B0B1236AA4B80089EB98 /* CleaningProductsViewController.swift */ = {isa = PBXFileReference; lastKnownFileType = sourcecode.swift; path = CleaningProductsViewController.swift; sourceTree = "<group>"; };
		ABD7B0B3236AA4CE0089EB98 /* TreesViewController.swift */ = {isa = PBXFileReference; lastKnownFileType = sourcecode.swift; path = TreesViewController.swift; sourceTree = "<group>"; };
		ABD7B0B6236AA55D0089EB98 /* CarpoolViewController.swift */ = {isa = PBXFileReference; lastKnownFileType = sourcecode.swift; path = CarpoolViewController.swift; sourceTree = "<group>"; };
		EC39778D8C506F063AF94BBB /* Pods-TestApp1.release.xcconfig */ = {isa = PBXFileReference; includeInIndex = 1; lastKnownFileType = text.xcconfig; name = "Pods-TestApp1.release.xcconfig"; path = "Target Support Files/Pods-TestApp1/Pods-TestApp1.release.xcconfig"; sourceTree = "<group>"; };
/* End PBXFileReference section */

/* Begin PBXFrameworksBuildPhase section */
		AB230B722313463D0042AB94 /* Frameworks */ = {
			isa = PBXFrameworksBuildPhase;
			buildActionMask = 2147483647;
			files = (
				9E4B16879BA027FD096325C4 /* Pods_TestApp1.framework in Frameworks */,
			);
			runOnlyForDeploymentPostprocessing = 0;
		};
/* End PBXFrameworksBuildPhase section */

/* Begin PBXGroup section */
		69F85EE131C513344D3E9D8F /* Frameworks */ = {
			isa = PBXGroup;
			children = (
				7B336C16F0F0385475AC1253 /* Pods_TestApp1.framework */,
			);
			name = Frameworks;
			sourceTree = "<group>";
		};
		AB230B6C2313463C0042AB94 = {
			isa = PBXGroup;
			children = (
				AB230B772313463D0042AB94 /* TestApp1 */,
				AB230B762313463D0042AB94 /* Products */,
				D6214766B89E597AD65BCFDB /* Pods */,
				69F85EE131C513344D3E9D8F /* Frameworks */,
			);
			sourceTree = "<group>";
		};
		AB230B762313463D0042AB94 /* Products */ = {
			isa = PBXGroup;
			children = (
				AB230B752313463D0042AB94 /* We Will.app */,
			);
			name = Products;
			sourceTree = "<group>";
		};
		AB230B772313463D0042AB94 /* TestApp1 */ = {
			isa = PBXGroup;
			children = (
				AB230B782313463D0042AB94 /* AppDelegate.swift */,
				AB230B9323134C9E0042AB94 /* Helpers */,
				AB230B8A231349280042AB94 /* ViewControllers */,
				AB070F102353DE9600ED57E2 /* Main.storyboard */,
				AB0FAC8C235FEB5A00443257 /* Earth.gif */,
				AB230B7F2313463F0042AB94 /* Assets.xcassets */,
				AB230B812313463F0042AB94 /* LaunchScreen.storyboard */,
				AB230B842313463F0042AB94 /* Info.plist */,
				ABA12DC923136D3D001CC67C /* GoogleService-Info.plist */,
			);
			path = TestApp1;
			sourceTree = "<group>";
		};
		AB230B8A231349280042AB94 /* ViewControllers */ = {
			isa = PBXGroup;
			children = (
				AB230B7A2313463D0042AB94 /* ViewController.swift */,
				AB230B8D231349AD0042AB94 /* SignUpViewController.swift */,
				AB230B8B2313499F0042AB94 /* LoginViewController.swift */,
				AB230B8F231349B60042AB94 /* HomeViewController.swift */,
				ABA12DD1231C77CB001CC67C /* InitialViewController.swift */,
				ABA12DD3231C77DA001CC67C /* GeneralViewController.swift */,
				ABA12DD5231C77EC001CC67C /* RecycleViewController.swift */,
				ABA12DD7231C77F9001CC67C /* CompostViewController.swift */,
				ABA12DD9231C7805001CC67C /* LandfillViewController.swift */,
				AB0FAC8A235FEA0C00443257 /* MainViewController.swift */,
				AB90085B2364CDCD005DAB25 /* WasteViewController.swift */,
				AB90085D2364CDE0005DAB25 /* TransportationViewController.swift */,
				ABD7B0AD236AA47E0089EB98 /* IdlingViewController.swift */,
				ABD7B0B1236AA4B80089EB98 /* CleaningProductsViewController.swift */,
				ABD7B0B3236AA4CE0089EB98 /* TreesViewController.swift */,
				ABD7B0B6236AA55D0089EB98 /* CarpoolViewController.swift */,
			);
			path = ViewControllers;
			sourceTree = "<group>";
		};
		AB230B9323134C9E0042AB94 /* Helpers */ = {
			isa = PBXGroup;
			children = (
				AB0FAC84235FE8D900443257 /* Image+Gif.swift */,
				ABA12DCD2314EDF3001CC67C /* Constants.swift */,
				AB230B9123134C980042AB94 /* Utilities.swift */,
			);
			path = Helpers;
			sourceTree = "<group>";
		};
		D6214766B89E597AD65BCFDB /* Pods */ = {
			isa = PBXGroup;
			children = (
				2B5712033431EC9715686593 /* Pods-TestApp1.debug.xcconfig */,
				EC39778D8C506F063AF94BBB /* Pods-TestApp1.release.xcconfig */,
			);
			path = Pods;
			sourceTree = "<group>";
		};
/* End PBXGroup section */

/* Begin PBXNativeTarget section */
		AB230B742313463D0042AB94 /* TestApp1 */ = {
			isa = PBXNativeTarget;
			buildConfigurationList = AB230B872313463F0042AB94 /* Build configuration list for PBXNativeTarget "TestApp1" */;
			buildPhases = (
				F632F10DED5DE1EA29075147 /* [CP] Check Pods Manifest.lock */,
				AB230B712313463D0042AB94 /* Sources */,
				AB230B722313463D0042AB94 /* Frameworks */,
				AB230B732313463D0042AB94 /* Resources */,
				2FE8AF9641202D5261B1A52B /* [CP] Embed Pods Frameworks */,
			);
			buildRules = (
			);
			dependencies = (
			);
			name = TestApp1;
			productName = TestApp1;
			productReference = AB230B752313463D0042AB94 /* We Will.app */;
			productType = "com.apple.product-type.application";
		};
/* End PBXNativeTarget section */

/* Begin PBXProject section */
		AB230B6D2313463C0042AB94 /* Project object */ = {
			isa = PBXProject;
			attributes = {
				LastSwiftUpdateCheck = 1030;
				LastUpgradeCheck = 1030;
				ORGANIZATIONNAME = "Varun Srivastava";
				TargetAttributes = {
					AB230B742313463D0042AB94 = {
						CreatedOnToolsVersion = 10.3;
					};
				};
			};
			buildConfigurationList = AB230B702313463C0042AB94 /* Build configuration list for PBXProject "TestApp1" */;
			compatibilityVersion = "Xcode 9.3";
			developmentRegion = en;
			hasScannedForEncodings = 0;
			knownRegions = (
				en,
				Base,
			);
			mainGroup = AB230B6C2313463C0042AB94;
			productRefGroup = AB230B762313463D0042AB94 /* Products */;
			projectDirPath = "";
			projectRoot = "";
			targets = (
				AB230B742313463D0042AB94 /* TestApp1 */,
			);
		};
/* End PBXProject section */

/* Begin PBXResourcesBuildPhase section */
		AB230B732313463D0042AB94 /* Resources */ = {
			isa = PBXResourcesBuildPhase;
			buildActionMask = 2147483647;
			files = (
				AB230B832313463F0042AB94 /* LaunchScreen.storyboard in Resources */,
				AB070F112353DE9600ED57E2 /* Main.storyboard in Resources */,
				AB0FAC8D235FEB5A00443257 /* Earth.gif in Resources */,
				ABA12DCA23136D3D001CC67C /* GoogleService-Info.plist in Resources */,
				AB230B802313463F0042AB94 /* Assets.xcassets in Resources */,
			);
			runOnlyForDeploymentPostprocessing = 0;
		};
/* End PBXResourcesBuildPhase section */

/* Begin PBXShellScriptBuildPhase section */
		2FE8AF9641202D5261B1A52B /* [CP] Embed Pods Frameworks */ = {
			isa = PBXShellScriptBuildPhase;
			buildActionMask = 2147483647;
			files = (
			);
			inputFileListPaths = (
				"${PODS_ROOT}/Target Support Files/Pods-TestApp1/Pods-TestApp1-frameworks-${CONFIGURATION}-input-files.xcfilelist",
			);
			name = "[CP] Embed Pods Frameworks";
			outputFileListPaths = (
				"${PODS_ROOT}/Target Support Files/Pods-TestApp1/Pods-TestApp1-frameworks-${CONFIGURATION}-output-files.xcfilelist",
			);
			runOnlyForDeploymentPostprocessing = 0;
			shellPath = /bin/sh;
			shellScript = "\"${PODS_ROOT}/Target Support Files/Pods-TestApp1/Pods-TestApp1-frameworks.sh\"\n";
			showEnvVarsInLog = 0;
		};
		F632F10DED5DE1EA29075147 /* [CP] Check Pods Manifest.lock */ = {
			isa = PBXShellScriptBuildPhase;
			buildActionMask = 2147483647;
			files = (
			);
			inputFileListPaths = (
			);
			inputPaths = (
				"${PODS_PODFILE_DIR_PATH}/Podfile.lock",
				"${PODS_ROOT}/Manifest.lock",
			);
			name = "[CP] Check Pods Manifest.lock";
			outputFileListPaths = (
			);
			outputPaths = (
				"$(DERIVED_FILE_DIR)/Pods-TestApp1-checkManifestLockResult.txt",
			);
			runOnlyForDeploymentPostprocessing = 0;
			shellPath = /bin/sh;
			shellScript = "diff \"${PODS_PODFILE_DIR_PATH}/Podfile.lock\" \"${PODS_ROOT}/Manifest.lock\" > /dev/null\nif [ $? != 0 ] ; then\n    # print error to STDERR\n    echo \"error: The sandbox is not in sync with the Podfile.lock. Run 'pod install' or update your CocoaPods installation.\" >&2\n    exit 1\nfi\n# This output is used by Xcode 'outputs' to avoid re-running this script phase.\necho \"SUCCESS\" > \"${SCRIPT_OUTPUT_FILE_0}\"\n";
			showEnvVarsInLog = 0;
		};
/* End PBXShellScriptBuildPhase section */

/* Begin PBXSourcesBuildPhase section */
		AB230B712313463D0042AB94 /* Sources */ = {
			isa = PBXSourcesBuildPhase;
			buildActionMask = 2147483647;
			files = (
				AB230B9223134C980042AB94 /* Utilities.swift in Sources */,
				ABD7B0B7236AA55D0089EB98 /* CarpoolViewController.swift in Sources */,
				ABA12DD8231C77F9001CC67C /* CompostViewController.swift in Sources */,
				AB230B90231349B60042AB94 /* HomeViewController.swift in Sources */,
				ABA12DD6231C77EC001CC67C /* RecycleViewController.swift in Sources */,
				AB90085E2364CDE0005DAB25 /* TransportationViewController.swift in Sources */,
				AB230B8C2313499F0042AB94 /* LoginViewController.swift in Sources */,
				ABD7B0B2236AA4B80089EB98 /* CleaningProductsViewController.swift in Sources */,
				ABD7B0AE236AA47E0089EB98 /* IdlingViewController.swift in Sources */,
				AB230B7B2313463D0042AB94 /* ViewController.swift in Sources */,
				ABD7B0B4236AA4CE0089EB98 /* TreesViewController.swift in Sources */,
				ABA12DCE2314EDF3001CC67C /* Constants.swift in Sources */,
				AB0FAC8B235FEA0C00443257 /* MainViewController.swift in Sources */,
				AB230B8E231349AD0042AB94 /* SignUpViewController.swift in Sources */,
				AB90085C2364CDCD005DAB25 /* WasteViewController.swift in Sources */,
				AB0FAC85235FE8D900443257 /* Image+Gif.swift in Sources */,
				ABA12DDA231C7805001CC67C /* LandfillViewController.swift in Sources */,
				ABA12DD4231C77DA001CC67C /* GeneralViewController.swift in Sources */,
				AB230B792313463D0042AB94 /* AppDelegate.swift in Sources */,
				ABA12DD2231C77CB001CC67C /* InitialViewController.swift in Sources */,
			);
			runOnlyForDeploymentPostprocessing = 0;
		};
/* End PBXSourcesBuildPhase section */

/* Begin PBXVariantGroup section */
		AB230B812313463F0042AB94 /* LaunchScreen.storyboard */ = {
			isa = PBXVariantGroup;
			children = (
				AB230B822313463F0042AB94 /* Base */,
			);
			name = LaunchScreen.storyboard;
			sourceTree = "<group>";
		};
/* End PBXVariantGroup section */

/* Begin XCBuildConfiguration section */
		AB230B852313463F0042AB94 /* Debug */ = {
			isa = XCBuildConfiguration;
			buildSettings = {
				ALWAYS_SEARCH_USER_PATHS = NO;
				CLANG_ANALYZER_NONNULL = YES;
				CLANG_ANALYZER_NUMBER_OBJECT_CONVERSION = YES_AGGRESSIVE;
				CLANG_CXX_LANGUAGE_STANDARD = "gnu++14";
				CLANG_CXX_LIBRARY = "libc++";
				CLANG_ENABLE_MODULES = YES;
				CLANG_ENABLE_OBJC_ARC = YES;
				CLANG_ENABLE_OBJC_WEAK = YES;
				CLANG_WARN_BLOCK_CAPTURE_AUTORELEASING = YES;
				CLANG_WARN_BOOL_CONVERSION = YES;
				CLANG_WARN_COMMA = YES;
				CLANG_WARN_CONSTANT_CONVERSION = YES;
				CLANG_WARN_DEPRECATED_OBJC_IMPLEMENTATIONS = YES;
				CLANG_WARN_DIRECT_OBJC_ISA_USAGE = YES_ERROR;
				CLANG_WARN_DOCUMENTATION_COMMENTS = YES;
				CLANG_WARN_EMPTY_BODY = YES;
				CLANG_WARN_ENUM_CONVERSION = YES;
				CLANG_WARN_INFINITE_RECURSION = YES;
				CLANG_WARN_INT_CONVERSION = YES;
				CLANG_WARN_NON_LITERAL_NULL_CONVERSION = YES;
				CLANG_WARN_OBJC_IMPLICIT_RETAIN_SELF = YES;
				CLANG_WARN_OBJC_LITERAL_CONVERSION = YES;
				CLANG_WARN_OBJC_ROOT_CLASS = YES_ERROR;
				CLANG_WARN_RANGE_LOOP_ANALYSIS = YES;
				CLANG_WARN_STRICT_PROTOTYPES = YES;
				CLANG_WARN_SUSPICIOUS_MOVE = YES;
				CLANG_WARN_UNGUARDED_AVAILABILITY = YES_AGGRESSIVE;
				CLANG_WARN_UNREACHABLE_CODE = YES;
				CLANG_WARN__DUPLICATE_METHOD_MATCH = YES;
				CODE_SIGN_IDENTITY = "iPhone Developer";
				COPY_PHASE_STRIP = NO;
				DEBUG_INFORMATION_FORMAT = dwarf;
				ENABLE_STRICT_OBJC_MSGSEND = YES;
				ENABLE_TESTABILITY = YES;
				GCC_C_LANGUAGE_STANDARD = gnu11;
				GCC_DYNAMIC_NO_PIC = NO;
				GCC_NO_COMMON_BLOCKS = YES;
				GCC_OPTIMIZATION_LEVEL = 0;
				GCC_PREPROCESSOR_DEFINITIONS = (
					"DEBUG=1",
					"$(inherited)",
				);
				GCC_WARN_64_TO_32_BIT_CONVERSION = YES;
				GCC_WARN_ABOUT_RETURN_TYPE = YES_ERROR;
				GCC_WARN_UNDECLARED_SELECTOR = YES;
				GCC_WARN_UNINITIALIZED_AUTOS = YES_AGGRESSIVE;
				GCC_WARN_UNUSED_FUNCTION = YES;
				GCC_WARN_UNUSED_VARIABLE = YES;
				IPHONEOS_DEPLOYMENT_TARGET = 12.4;
				MTL_ENABLE_DEBUG_INFO = INCLUDE_SOURCE;
				MTL_FAST_MATH = YES;
				ONLY_ACTIVE_ARCH = YES;
				SDKROOT = iphoneos;
				SWIFT_ACTIVE_COMPILATION_CONDITIONS = DEBUG;
				SWIFT_OPTIMIZATION_LEVEL = "-Onone";
			};
			name = Debug;
		};
		AB230B862313463F0042AB94 /* Release */ = {
			isa = XCBuildConfiguration;
			buildSettings = {
				ALWAYS_SEARCH_USER_PATHS = NO;
				CLANG_ANALYZER_NONNULL = YES;
				CLANG_ANALYZER_NUMBER_OBJECT_CONVERSION = YES_AGGRESSIVE;
				CLANG_CXX_LANGUAGE_STANDARD = "gnu++14";
				CLANG_CXX_LIBRARY = "libc++";
				CLANG_ENABLE_MODULES = YES;
				CLANG_ENABLE_OBJC_ARC = YES;
				CLANG_ENABLE_OBJC_WEAK = YES;
				CLANG_WARN_BLOCK_CAPTURE_AUTORELEASING = YES;
				CLANG_WARN_BOOL_CONVERSION = YES;
				CLANG_WARN_COMMA = YES;
				CLANG_WARN_CONSTANT_CONVERSION = YES;
				CLANG_WARN_DEPRECATED_OBJC_IMPLEMENTATIONS = YES;
				CLANG_WARN_DIRECT_OBJC_ISA_USAGE = YES_ERROR;
				CLANG_WARN_DOCUMENTATION_COMMENTS = YES;
				CLANG_WARN_EMPTY_BODY = YES;
				CLANG_WARN_ENUM_CONVERSION = YES;
				CLANG_WARN_INFINITE_RECURSION = YES;
				CLANG_WARN_INT_CONVERSION = YES;
				CLANG_WARN_NON_LITERAL_NULL_CONVERSION = YES;
				CLANG_WARN_OBJC_IMPLICIT_RETAIN_SELF = YES;
				CLANG_WARN_OBJC_LITERAL_CONVERSION = YES;
				CLANG_WARN_OBJC_ROOT_CLASS = YES_ERROR;
				CLANG_WARN_RANGE_LOOP_ANALYSIS = YES;
				CLANG_WARN_STRICT_PROTOTYPES = YES;
				CLANG_WARN_SUSPICIOUS_MOVE = YES;
				CLANG_WARN_UNGUARDED_AVAILABILITY = YES_AGGRESSIVE;
				CLANG_WARN_UNREACHABLE_CODE = YES;
				CLANG_WARN__DUPLICATE_METHOD_MATCH = YES;
				CODE_SIGN_IDENTITY = "iPhone Developer";
				COPY_PHASE_STRIP = NO;
				DEBUG_INFORMATION_FORMAT = "dwarf-with-dsym";
				ENABLE_NS_ASSERTIONS = NO;
				ENABLE_STRICT_OBJC_MSGSEND = YES;
				GCC_C_LANGUAGE_STANDARD = gnu11;
				GCC_NO_COMMON_BLOCKS = YES;
				GCC_WARN_64_TO_32_BIT_CONVERSION = YES;
				GCC_WARN_ABOUT_RETURN_TYPE = YES_ERROR;
				GCC_WARN_UNDECLARED_SELECTOR = YES;
				GCC_WARN_UNINITIALIZED_AUTOS = YES_AGGRESSIVE;
				GCC_WARN_UNUSED_FUNCTION = YES;
				GCC_WARN_UNUSED_VARIABLE = YES;
				IPHONEOS_DEPLOYMENT_TARGET = 12.4;
				MTL_ENABLE_DEBUG_INFO = NO;
				MTL_FAST_MATH = YES;
				SDKROOT = iphoneos;
				SWIFT_COMPILATION_MODE = wholemodule;
				SWIFT_OPTIMIZATION_LEVEL = "-O";
				VALIDATE_PRODUCT = YES;
			};
			name = Release;
		};
		AB230B882313463F0042AB94 /* Debug */ = {
			isa = XCBuildConfiguration;
			baseConfigurationReference = 2B5712033431EC9715686593 /* Pods-TestApp1.debug.xcconfig */;
			buildSettings = {
				ASSETCATALOG_COMPILER_APPICON_NAME = AppIcon;
				CODE_SIGN_STYLE = Automatic;
				INFOPLIST_FILE = TestApp1/Info.plist;
				LD_RUNPATH_SEARCH_PATHS = (
					"$(inherited)",
					"@executable_path/Frameworks",
				);
				PRODUCT_BUNDLE_IDENTIFIER = com.AppChallenge.TestApp1;
				PRODUCT_NAME = "We Will";
				SWIFT_VERSION = 5.0;
				TARGETED_DEVICE_FAMILY = "1,2";
			};
			name = Debug;
		};
		AB230B892313463F0042AB94 /* Release */ = {
			isa = XCBuildConfiguration;
			baseConfigurationReference = EC39778D8C506F063AF94BBB /* Pods-TestApp1.release.xcconfig */;
			buildSettings = {
				ASSETCATALOG_COMPILER_APPICON_NAME = AppIcon;
				CODE_SIGN_STYLE = Automatic;
				INFOPLIST_FILE = TestApp1/Info.plist;
				LD_RUNPATH_SEARCH_PATHS = (
					"$(inherited)",
					"@executable_path/Frameworks",
				);
				PRODUCT_BUNDLE_IDENTIFIER = com.AppChallenge.TestApp1;
				PRODUCT_NAME = "We Will";
				SWIFT_VERSION = 5.0;
				TARGETED_DEVICE_FAMILY = "1,2";
			};
			name = Release;
		};
/* End XCBuildConfiguration section */

/* Begin XCConfigurationList section */
		AB230B702313463C0042AB94 /* Build configuration list for PBXProject "TestApp1" */ = {
			isa = XCConfigurationList;
			buildConfigurations = (
				AB230B852313463F0042AB94 /* Debug */,
				AB230B862313463F0042AB94 /* Release */,
			);
			defaultConfigurationIsVisible = 0;
			defaultConfigurationName = Release;
		};
		AB230B872313463F0042AB94 /* Build configuration list for PBXNativeTarget "TestApp1" */ = {
			isa = XCConfigurationList;
			buildConfigurations = (
				AB230B882313463F0042AB94 /* Debug */,
				AB230B892313463F0042AB94 /* Release */,
			);
			defaultConfigurationIsVisible = 0;
			defaultConfigurationName = Release;
		};
/* End XCConfigurationList section */
	};
	rootObject = AB230B6D2313463C0042AB94 /* Project object */;
}
